// !$*UTF8*$!
{
	archiveVersion = 1;
	classes = {
	};
	objectVersion = 46;
	objects = {

/* Begin PBXBuildFile section */
		64B62D62C96A163FB191A7FF /* libPods-AFNetworkingClient.a in Frameworks */ = {isa = PBXBuildFile; fileRef = 692D2009993E0935579DB15B /* libPods-AFNetworkingClient.a */; };
		6681B74F1D2A190200B20676 /* AppDelegate.swift in Sources */ = {isa = PBXBuildFile; fileRef = 6681B74E1D2A190200B20676 /* AppDelegate.swift */; };
		6681B7511D2A190200B20676 /* ViewController.swift in Sources */ = {isa = PBXBuildFile; fileRef = 6681B7501D2A190200B20676 /* ViewController.swift */; };
		6681B7541D2A190200B20676 /* Main.storyboard in Resources */ = {isa = PBXBuildFile; fileRef = 6681B7521D2A190200B20676 /* Main.storyboard */; };
		6681B7561D2A190200B20676 /* Assets.xcassets in Resources */ = {isa = PBXBuildFile; fileRef = 6681B7551D2A190200B20676 /* Assets.xcassets */; };
		6681B7591D2A190200B20676 /* LaunchScreen.storyboard in Resources */ = {isa = PBXBuildFile; fileRef = 6681B7571D2A190200B20676 /* LaunchScreen.storyboard */; };
		6681B7641D2A190200B20676 /* AFNetworkingClientTests.swift in Sources */ = {isa = PBXBuildFile; fileRef = 6681B7631D2A190200B20676 /* AFNetworkingClientTests.swift */; };
		6681B7721D2A1A0100B20676 /* EagleAFNetworking.swift in Sources */ = {isa = PBXBuildFile; fileRef = 6681B7701D2A1A0100B20676 /* EagleAFNetworking.swift */; };
		6681B7731D2A1A0100B20676 /* EagleNetClient.swift in Sources */ = {isa = PBXBuildFile; fileRef = 6681B7711D2A1A0100B20676 /* EagleNetClient.swift */; };
		66A161361D2A724C00879B54 /* config.swift in Sources */ = {isa = PBXBuildFile; fileRef = 66A161351D2A724C00879B54 /* config.swift */; };
		7E1421F81E159BD07C815F74 /* libPods-AFNetworkingClientTests.a in Frameworks */ = {isa = PBXBuildFile; fileRef = F524CD0D3FA9163B47DFF772 /* libPods-AFNetworkingClientTests.a */; };
/* End PBXBuildFile section */

/* Begin PBXContainerItemProxy section */
		6681B7601D2A190200B20676 /* PBXContainerItemProxy */ = {
			isa = PBXContainerItemProxy;
			containerPortal = 6681B7431D2A190200B20676 /* Project object */;
			proxyType = 1;
			remoteGlobalIDString = 6681B74A1D2A190200B20676;
			remoteInfo = AFNetworkingClient;
		};
/* End PBXContainerItemProxy section */

/* Begin PBXFileReference section */
		14E1321FB43D92B5D8E9A519 /* Pods-AFNetworkingClientTests.debug.xcconfig */ = {isa = PBXFileReference; includeInIndex = 1; lastKnownFileType = text.xcconfig; name = "Pods-AFNetworkingClientTests.debug.xcconfig"; path = "Pods/Target Support Files/Pods-AFNetworkingClientTests/Pods-AFNetworkingClientTests.debug.xcconfig"; sourceTree = "<group>"; };
		1910D17ABC9F00E3D7CA91BA /* Pods-AFNetworkingClientTests.release.xcconfig */ = {isa = PBXFileReference; includeInIndex = 1; lastKnownFileType = text.xcconfig; name = "Pods-AFNetworkingClientTests.release.xcconfig"; path = "Pods/Target Support Files/Pods-AFNetworkingClientTests/Pods-AFNetworkingClientTests.release.xcconfig"; sourceTree = "<group>"; };
		1DAD1934CB0EC1DCB95AD1EE /* Pods-AFNetworkingClient.debug.xcconfig */ = {isa = PBXFileReference; includeInIndex = 1; lastKnownFileType = text.xcconfig; name = "Pods-AFNetworkingClient.debug.xcconfig"; path = "Pods/Target Support Files/Pods-AFNetworkingClient/Pods-AFNetworkingClient.debug.xcconfig"; sourceTree = "<group>"; };
		2692093DC4B93B29514AD9D3 /* Pods-AFNetworkingClient.release.xcconfig */ = {isa = PBXFileReference; includeInIndex = 1; lastKnownFileType = text.xcconfig; name = "Pods-AFNetworkingClient.release.xcconfig"; path = "Pods/Target Support Files/Pods-AFNetworkingClient/Pods-AFNetworkingClient.release.xcconfig"; sourceTree = "<group>"; };
		664425AE1D2A6F7D00E5A25E /* AFNetworkingClient-Bridging-Header.h */ = {isa = PBXFileReference; lastKnownFileType = sourcecode.c.h; path = "AFNetworkingClient-Bridging-Header.h"; sourceTree = "<group>"; };
		6681B74B1D2A190200B20676 /* AFNetworkingClient.app */ = {isa = PBXFileReference; explicitFileType = wrapper.application; includeInIndex = 0; path = AFNetworkingClient.app; sourceTree = BUILT_PRODUCTS_DIR; };
		6681B74E1D2A190200B20676 /* AppDelegate.swift */ = {isa = PBXFileReference; lastKnownFileType = sourcecode.swift; path = AppDelegate.swift; sourceTree = "<group>"; };
		6681B7501D2A190200B20676 /* ViewController.swift */ = {isa = PBXFileReference; lastKnownFileType = sourcecode.swift; path = ViewController.swift; sourceTree = "<group>"; };
		6681B7531D2A190200B20676 /* Base */ = {isa = PBXFileReference; lastKnownFileType = file.storyboard; name = Base; path = Base.lproj/Main.storyboard; sourceTree = "<group>"; };
		6681B7551D2A190200B20676 /* Assets.xcassets */ = {isa = PBXFileReference; lastKnownFileType = folder.assetcatalog; path = Assets.xcassets; sourceTree = "<group>"; };
		6681B7581D2A190200B20676 /* Base */ = {isa = PBXFileReference; lastKnownFileType = file.storyboard; name = Base; path = Base.lproj/LaunchScreen.storyboard; sourceTree = "<group>"; };
		6681B75A1D2A190200B20676 /* Info.plist */ = {isa = PBXFileReference; lastKnownFileType = text.plist.xml; path = Info.plist; sourceTree = "<group>"; };
		6681B75F1D2A190200B20676 /* AFNetworkingClientTests.xctest */ = {isa = PBXFileReference; explicitFileType = wrapper.cfbundle; includeInIndex = 0; path = AFNetworkingClientTests.xctest; sourceTree = BUILT_PRODUCTS_DIR; };
		6681B7631D2A190200B20676 /* AFNetworkingClientTests.swift */ = {isa = PBXFileReference; lastKnownFileType = sourcecode.swift; path = AFNetworkingClientTests.swift; sourceTree = "<group>"; };
		6681B7651D2A190200B20676 /* Info.plist */ = {isa = PBXFileReference; lastKnownFileType = text.plist.xml; path = Info.plist; sourceTree = "<group>"; };
		6681B7701D2A1A0100B20676 /* EagleAFNetworking.swift */ = {isa = PBXFileReference; fileEncoding = 4; lastKnownFileType = sourcecode.swift; path = EagleAFNetworking.swift; sourceTree = "<group>"; };
		6681B7711D2A1A0100B20676 /* EagleNetClient.swift */ = {isa = PBXFileReference; fileEncoding = 4; lastKnownFileType = sourcecode.swift; path = EagleNetClient.swift; sourceTree = "<group>"; };
		66A161351D2A724C00879B54 /* config.swift */ = {isa = PBXFileReference; fileEncoding = 4; lastKnownFileType = sourcecode.swift; path = config.swift; sourceTree = "<group>"; };
		692D2009993E0935579DB15B /* libPods-AFNetworkingClient.a */ = {isa = PBXFileReference; explicitFileType = archive.ar; includeInIndex = 0; path = "libPods-AFNetworkingClient.a"; sourceTree = BUILT_PRODUCTS_DIR; };
		F524CD0D3FA9163B47DFF772 /* libPods-AFNetworkingClientTests.a */ = {isa = PBXFileReference; explicitFileType = archive.ar; includeInIndex = 0; path = "libPods-AFNetworkingClientTests.a"; sourceTree = BUILT_PRODUCTS_DIR; };
/* End PBXFileReference section */

/* Begin PBXFrameworksBuildPhase section */
		6681B7481D2A190200B20676 /* Frameworks */ = {
			isa = PBXFrameworksBuildPhase;
			buildActionMask = 2147483647;
			files = (
				64B62D62C96A163FB191A7FF /* libPods-AFNetworkingClient.a in Frameworks */,
			);
			runOnlyForDeploymentPostprocessing = 0;
		};
		6681B75C1D2A190200B20676 /* Frameworks */ = {
			isa = PBXFrameworksBuildPhase;
			buildActionMask = 2147483647;
			files = (
				7E1421F81E159BD07C815F74 /* libPods-AFNetworkingClientTests.a in Frameworks */,
			);
			runOnlyForDeploymentPostprocessing = 0;
		};
/* End PBXFrameworksBuildPhase section */

/* Begin PBXGroup section */
		6681B7421D2A190200B20676 = {
			isa = PBXGroup;
			children = (
				6681B74D1D2A190200B20676 /* AFNetworkingClient */,
				6681B7621D2A190200B20676 /* AFNetworkingClientTests */,
				6681B74C1D2A190200B20676 /* Products */,
				E83B30CFBB07244C3895FB22 /* Pods */,
				D5EB07C22D704319725654F7 /* Frameworks */,
			);
			sourceTree = "<group>";
		};
		6681B74C1D2A190200B20676 /* Products */ = {
			isa = PBXGroup;
			children = (
				6681B74B1D2A190200B20676 /* AFNetworkingClient.app */,
				6681B75F1D2A190200B20676 /* AFNetworkingClientTests.xctest */,
			);
			name = Products;
			sourceTree = "<group>";
		};
		6681B74D1D2A190200B20676 /* AFNetworkingClient */ = {
			isa = PBXGroup;
			children = (
				66A161341D2A723B00879B54 /* Config */,
				6681B76E1D2A1A0100B20676 /* Classes */,
				6681B74E1D2A190200B20676 /* AppDelegate.swift */,
				6681B7501D2A190200B20676 /* ViewController.swift */,
				6681B7521D2A190200B20676 /* Main.storyboard */,
				6681B7551D2A190200B20676 /* Assets.xcassets */,
				6681B7571D2A190200B20676 /* LaunchScreen.storyboard */,
				6681B75A1D2A190200B20676 /* Info.plist */,
				664425AE1D2A6F7D00E5A25E /* AFNetworkingClient-Bridging-Header.h */,
			);
			path = AFNetworkingClient;
			sourceTree = "<group>";
		};
		6681B7621D2A190200B20676 /* AFNetworkingClientTests */ = {
			isa = PBXGroup;
			children = (
				6681B7631D2A190200B20676 /* AFNetworkingClientTests.swift */,
				6681B7651D2A190200B20676 /* Info.plist */,
			);
			path = AFNetworkingClientTests;
			sourceTree = "<group>";
		};
		6681B76E1D2A1A0100B20676 /* Classes */ = {
			isa = PBXGroup;
			children = (
				6681B7701D2A1A0100B20676 /* EagleAFNetworking.swift */,
				6681B7711D2A1A0100B20676 /* EagleNetClient.swift */,
			);
			name = Classes;
			path = ../Classes;
			sourceTree = "<group>";
		};
		66A161341D2A723B00879B54 /* Config */ = {
			isa = PBXGroup;
			children = (
				66A161351D2A724C00879B54 /* config.swift */,
			);
			name = Config;
			sourceTree = "<group>";
		};
		D5EB07C22D704319725654F7 /* Frameworks */ = {
			isa = PBXGroup;
			children = (
				692D2009993E0935579DB15B /* libPods-AFNetworkingClient.a */,
				F524CD0D3FA9163B47DFF772 /* libPods-AFNetworkingClientTests.a */,
			);
			name = Frameworks;
			sourceTree = "<group>";
		};
		E83B30CFBB07244C3895FB22 /* Pods */ = {
			isa = PBXGroup;
			children = (
				1DAD1934CB0EC1DCB95AD1EE /* Pods-AFNetworkingClient.debug.xcconfig */,
				2692093DC4B93B29514AD9D3 /* Pods-AFNetworkingClient.release.xcconfig */,
				14E1321FB43D92B5D8E9A519 /* Pods-AFNetworkingClientTests.debug.xcconfig */,
				1910D17ABC9F00E3D7CA91BA /* Pods-AFNetworkingClientTests.release.xcconfig */,
			);
			name = Pods;
			sourceTree = "<group>";
		};
/* End PBXGroup section */

/* Begin PBXNativeTarget section */
		6681B74A1D2A190200B20676 /* AFNetworkingClient */ = {
			isa = PBXNativeTarget;
			buildConfigurationList = 6681B7681D2A190200B20676 /* Build configuration list for PBXNativeTarget "AFNetworkingClient" */;
			buildPhases = (
				890198A074061D9B591FA5C3 /* [CP] Check Pods Manifest.lock */,
				6681B7471D2A190200B20676 /* Sources */,
				6681B7481D2A190200B20676 /* Frameworks */,
				6681B7491D2A190200B20676 /* Resources */,
				E1D891FA5337BE3C1D5C4208 /* [CP] Embed Pods Frameworks */,
				4C819BBF6F265C498C632539 /* [CP] Copy Pods Resources */,
			);
			buildRules = (
			);
			dependencies = (
			);
			name = AFNetworkingClient;
			productName = AFNetworkingClient;
			productReference = 6681B74B1D2A190200B20676 /* AFNetworkingClient.app */;
			productType = "com.apple.product-type.application";
		};
		6681B75E1D2A190200B20676 /* AFNetworkingClientTests */ = {
			isa = PBXNativeTarget;
			buildConfigurationList = 6681B76B1D2A190200B20676 /* Build configuration list for PBXNativeTarget "AFNetworkingClientTests" */;
			buildPhases = (
				1EFCA1ACBAF6E16B5B1496EB /* [CP] Check Pods Manifest.lock */,
				6681B75B1D2A190200B20676 /* Sources */,
				6681B75C1D2A190200B20676 /* Frameworks */,
				6681B75D1D2A190200B20676 /* Resources */,
				EF309D5B10CB81FB47BE5609 /* [CP] Embed Pods Frameworks */,
				C85D1EF82488F8955F26C884 /* [CP] Copy Pods Resources */,
			);
			buildRules = (
			);
			dependencies = (
				6681B7611D2A190200B20676 /* PBXTargetDependency */,
			);
			name = AFNetworkingClientTests;
			productName = AFNetworkingClientTests;
			productReference = 6681B75F1D2A190200B20676 /* AFNetworkingClientTests.xctest */;
			productType = "com.apple.product-type.bundle.unit-test";
		};
/* End PBXNativeTarget section */

/* Begin PBXProject section */
		6681B7431D2A190200B20676 /* Project object */ = {
			isa = PBXProject;
			attributes = {
				LastSwiftUpdateCheck = 0730;
				LastUpgradeCheck = 0730;
				ORGANIZATIONNAME = eagle;
				TargetAttributes = {
					6681B74A1D2A190200B20676 = {
						CreatedOnToolsVersion = 7.3.1;
					};
					6681B75E1D2A190200B20676 = {
						CreatedOnToolsVersion = 7.3.1;
						TestTargetID = 6681B74A1D2A190200B20676;
					};
				};
			};
			buildConfigurationList = 6681B7461D2A190200B20676 /* Build configuration list for PBXProject "AFNetworkingClient" */;
			compatibilityVersion = "Xcode 3.2";
			developmentRegion = English;
			hasScannedForEncodings = 0;
			knownRegions = (
				en,
				Base,
			);
			mainGroup = 6681B7421D2A190200B20676;
			productRefGroup = 6681B74C1D2A190200B20676 /* Products */;
			projectDirPath = "";
			projectRoot = "";
			targets = (
				6681B74A1D2A190200B20676 /* AFNetworkingClient */,
				6681B75E1D2A190200B20676 /* AFNetworkingClientTests */,
			);
		};
/* End PBXProject section */

/* Begin PBXResourcesBuildPhase section */
		6681B7491D2A190200B20676 /* Resources */ = {
			isa = PBXResourcesBuildPhase;
			buildActionMask = 2147483647;
			files = (
				6681B7591D2A190200B20676 /* LaunchScreen.storyboard in Resources */,
				6681B7561D2A190200B20676 /* Assets.xcassets in Resources */,
				6681B7541D2A190200B20676 /* Main.storyboard in Resources */,
			);
			runOnlyForDeploymentPostprocessing = 0;
		};
		6681B75D1D2A190200B20676 /* Resources */ = {
			isa = PBXResourcesBuildPhase;
			buildActionMask = 2147483647;
			files = (
			);
			runOnlyForDeploymentPostprocessing = 0;
		};
/* End PBXResourcesBuildPhase section */

/* Begin PBXShellScriptBuildPhase section */
		1EFCA1ACBAF6E16B5B1496EB /* [CP] Check Pods Manifest.lock */ = {
			isa = PBXShellScriptBuildPhase;
			buildActionMask = 2147483647;
			files = (
			);
			inputPaths = (
			);
			name = "[CP] Check Pods Manifest.lock";
			outputPaths = (
			);
			runOnlyForDeploymentPostprocessing = 0;
			shellPath = /bin/sh;
			shellScript = "diff \"${PODS_ROOT}/../Podfile.lock\" \"${PODS_ROOT}/Manifest.lock\" > /dev/null\nif [[ $? != 0 ]] ; then\n    cat << EOM\nerror: The sandbox is not in sync with the Podfile.lock. Run 'pod install' or update your CocoaPods installation.\nEOM\n    exit 1\nfi\n";
			showEnvVarsInLog = 0;
		};
		4C819BBF6F265C498C632539 /* [CP] Copy Pods Resources */ = {
			isa = PBXShellScriptBuildPhase;
			buildActionMask = 2147483647;
			files = (
			);
			inputPaths = (
			);
			name = "[CP] Copy Pods Resources";
			outputPaths = (
			);
			runOnlyForDeploymentPostprocessing = 0;
			shellPath = /bin/sh;
			shellScript = "\"${SRCROOT}/Pods/Target Support Files/Pods-AFNetworkingClient/Pods-AFNetworkingClient-resources.sh\"\n";
			showEnvVarsInLog = 0;
		};
		890198A074061D9B591FA5C3 /* [CP] Check Pods Manifest.lock */ = {
			isa = PBXShellScriptBuildPhase;
			buildActionMask = 2147483647;
			files = (
			);
			inputPaths = (
			);
			name = "[CP] Check Pods Manifest.lock";
			outputPaths = (
			);
			runOnlyForDeploymentPostprocessing = 0;
			shellPath = /bin/sh;
			shellScript = "diff \"${PODS_ROOT}/../Podfile.lock\" \"${PODS_ROOT}/Manifest.lock\" > /dev/null\nif [[ $? != 0 ]] ; then\n    cat << EOM\nerror: The sandbox is not in sync with the Podfile.lock. Run 'pod install' or update your CocoaPods installation.\nEOM\n    exit 1\nfi\n";
			showEnvVarsInLog = 0;
		};
		C85D1EF82488F8955F26C884 /* [CP] Copy Pods Resources */ = {
			isa = PBXShellScriptBuildPhase;
			buildActionMask = 2147483647;
			files = (
			);
			inputPaths = (
			);
			name = "[CP] Copy Pods Resources";
			outputPaths = (
			);
			runOnlyForDeploymentPostprocessing = 0;
			shellPath = /bin/sh;
			shellScript = "\"${SRCROOT}/Pods/Target Support Files/Pods-AFNetworkingClientTests/Pods-AFNetworkingClientTests-resources.sh\"\n";
			showEnvVarsInLog = 0;
		};
		E1D891FA5337BE3C1D5C4208 /* [CP] Embed Pods Frameworks */ = {
			isa = PBXShellScriptBuildPhase;
			buildActionMask = 2147483647;
			files = (
			);
			inputPaths = (
			);
			name = "[CP] Embed Pods Frameworks";
			outputPaths = (
			);
			runOnlyForDeploymentPostprocessing = 0;
			shellPath = /bin/sh;
			shellScript = "\"${SRCROOT}/Pods/Target Support Files/Pods-AFNetworkingClient/Pods-AFNetworkingClient-frameworks.sh\"\n";
			showEnvVarsInLog = 0;
		};
		EF309D5B10CB81FB47BE5609 /* [CP] Embed Pods Frameworks */ = {
			isa = PBXShellScriptBuildPhase;
			buildActionMask = 2147483647;
			files = (
			);
			inputPaths = (
			);
			name = "[CP] Embed Pods Frameworks";
			outputPaths = (
			);
			runOnlyForDeploymentPostprocessing = 0;
			shellPath = /bin/sh;
			shellScript = "\"${SRCROOT}/Pods/Target Support Files/Pods-AFNetworkingClientTests/Pods-AFNetworkingClientTests-frameworks.sh\"\n";
			showEnvVarsInLog = 0;
		};
/* End PBXShellScriptBuildPhase section */

/* Begin PBXSourcesBuildPhase section */
		6681B7471D2A190200B20676 /* Sources */ = {
			isa = PBXSourcesBuildPhase;
			buildActionMask = 2147483647;
			files = (
				6681B7511D2A190200B20676 /* ViewController.swift in Sources */,
				6681B74F1D2A190200B20676 /* AppDelegate.swift in Sources */,
				6681B7721D2A1A0100B20676 /* EagleAFNetworking.swift in Sources */,
				66A161361D2A724C00879B54 /* config.swift in Sources */,
				6681B7731D2A1A0100B20676 /* EagleNetClient.swift in Sources */,
			);
			runOnlyForDeploymentPostprocessing = 0;
		};
		6681B75B1D2A190200B20676 /* Sources */ = {
			isa = PBXSourcesBuildPhase;
			buildActionMask = 2147483647;
			files = (
				6681B7641D2A190200B20676 /* AFNetworkingClientTests.swift in Sources */,
			);
			runOnlyForDeploymentPostprocessing = 0;
		};
/* End PBXSourcesBuildPhase section */

/* Begin PBXTargetDependency section */
		6681B7611D2A190200B20676 /* PBXTargetDependency */ = {
			isa = PBXTargetDependency;
			target = 6681B74A1D2A190200B20676 /* AFNetworkingClient */;
			targetProxy = 6681B7601D2A190200B20676 /* PBXContainerItemProxy */;
		};
/* End PBXTargetDependency section */

/* Begin PBXVariantGroup section */
		6681B7521D2A190200B20676 /* Main.storyboard */ = {
			isa = PBXVariantGroup;
			children = (
				6681B7531D2A190200B20676 /* Base */,
			);
			name = Main.storyboard;
			sourceTree = "<group>";
		};
		6681B7571D2A190200B20676 /* LaunchScreen.storyboard */ = {
			isa = PBXVariantGroup;
			children = (
				6681B7581D2A190200B20676 /* Base */,
			);
			name = LaunchScreen.storyboard;
			sourceTree = "<group>";
		};
/* End PBXVariantGroup section */

/* Begin XCBuildConfiguration section */
		6681B7661D2A190200B20676 /* Debug */ = {
			isa = XCBuildConfiguration;
			buildSettings = {
				ALWAYS_SEARCH_USER_PATHS = NO;
				CLANG_ANALYZER_NONNULL = YES;
				CLANG_CXX_LANGUAGE_STANDARD = "gnu++0x";
				CLANG_CXX_LIBRARY = "libc++";
				CLANG_ENABLE_MODULES = YES;
				CLANG_ENABLE_OBJC_ARC = YES;
				CLANG_WARN_BOOL_CONVERSION = YES;
				CLANG_WARN_CONSTANT_CONVERSION = YES;
				CLANG_WARN_DIRECT_OBJC_ISA_USAGE = YES_ERROR;
				CLANG_WARN_EMPTY_BODY = YES;
				CLANG_WARN_ENUM_CONVERSION = YES;
				CLANG_WARN_INT_CONVERSION = YES;
				CLANG_WARN_OBJC_ROOT_CLASS = YES_ERROR;
				CLANG_WARN_UNREACHABLE_CODE = YES;
				CLANG_WARN__DUPLICATE_METHOD_MATCH = YES;
				"CODE_SIGN_IDENTITY[sdk=iphoneos*]" = "iPhone Developer";
				COPY_PHASE_STRIP = NO;
				DEBUG_INFORMATION_FORMAT = dwarf;
				ENABLE_STRICT_OBJC_MSGSEND = YES;
				ENABLE_TESTABILITY = YES;
				GCC_C_LANGUAGE_STANDARD = gnu99;
				GCC_DYNAMIC_NO_PIC = NO;
				GCC_NO_COMMON_BLOCKS = YES;
				GCC_OPTIMIZATION_LEVEL = 0;
				GCC_PREPROCESSOR_DEFINITIONS = (
					"DEBUG=1",
					"$(inherited)",
				);
				GCC_WARN_64_TO_32_BIT_CONVERSION = YES;
				GCC_WARN_ABOUT_RETURN_TYPE = YES_ERROR;
				GCC_WARN_UNDECLARED_SELECTOR = YES;
				GCC_WARN_UNINITIALIZED_AUTOS = YES_AGGRESSIVE;
				GCC_WARN_UNUSED_FUNCTION = YES;
				GCC_WARN_UNUSED_VARIABLE = YES;
				IPHONEOS_DEPLOYMENT_TARGET = 9.3;
				MTL_ENABLE_DEBUG_INFO = YES;
				ONLY_ACTIVE_ARCH = YES;
				SDKROOT = iphoneos;
				SWIFT_OPTIMIZATION_LEVEL = "-Onone";
				TARGETED_DEVICE_FAMILY = "1,2";
			};
			name = Debug;
		};
		6681B7671D2A190200B20676 /* Release */ = {
			isa = XCBuildConfiguration;
			buildSettings = {
				ALWAYS_SEARCH_USER_PATHS = NO;
				CLANG_ANALYZER_NONNULL = YES;
				CLANG_CXX_LANGUAGE_STANDARD = "gnu++0x";
				CLANG_CXX_LIBRARY = "libc++";
				CLANG_ENABLE_MODULES = YES;
				CLANG_ENABLE_OBJC_ARC = YES;
				CLANG_WARN_BOOL_CONVERSION = YES;
				CLANG_WARN_CONSTANT_CONVERSION = YES;
				CLANG_WARN_DIRECT_OBJC_ISA_USAGE = YES_ERROR;
				CLANG_WARN_EMPTY_BODY = YES;
				CLANG_WARN_ENUM_CONVERSION = YES;
				CLANG_WARN_INT_CONVERSION = YES;
				CLANG_WARN_OBJC_ROOT_CLASS = YES_ERROR;
				CLANG_WARN_UNREACHABLE_CODE = YES;
				CLANG_WARN__DUPLICATE_METHOD_MATCH = YES;
				"CODE_SIGN_IDENTITY[sdk=iphoneos*]" = "iPhone Developer";
				COPY_PHASE_STRIP = NO;
				DEBUG_INFORMATION_FORMAT = "dwarf-with-dsym";
				ENABLE_NS_ASSERTIONS = NO;
				ENABLE_STRICT_OBJC_MSGSEND = YES;
				GCC_C_LANGUAGE_STANDARD = gnu99;
				GCC_NO_COMMON_BLOCKS = YES;
				GCC_WARN_64_TO_32_BIT_CONVERSION = YES;
				GCC_WARN_ABOUT_RETURN_TYPE = YES_ERROR;
				GCC_WARN_UNDECLARED_SELECTOR = YES;
				GCC_WARN_UNINITIALIZED_AUTOS = YES_AGGRESSIVE;
				GCC_WARN_UNUSED_FUNCTION = YES;
				GCC_WARN_UNUSED_VARIABLE = YES;
				IPHONEOS_DEPLOYMENT_TARGET = 9.3;
				MTL_ENABLE_DEBUG_INFO = NO;
				SDKROOT = iphoneos;
				TARGETED_DEVICE_FAMILY = "1,2";
				VALIDATE_PRODUCT = YES;
			};
			name = Release;
		};
		6681B7691D2A190200B20676 /* Debug */ = {
			isa = XCBuildConfiguration;
			baseConfigurationReference = 1DAD1934CB0EC1DCB95AD1EE /* Pods-AFNetworkingClient.debug.xcconfig */;
			buildSettings = {
				ASSETCATALOG_COMPILER_APPICON_NAME = AppIcon;
				CLANG_ENABLE_MODULES = YES;
				INFOPLIST_FILE = AFNetworkingClient/Info.plist;
				LD_RUNPATH_SEARCH_PATHS = "$(inherited) @executable_path/Frameworks";
				PRODUCT_BUNDLE_IDENTIFIER = com.ealge.AFNetworkingClient;
				PRODUCT_NAME = "$(TARGET_NAME)";
				SWIFT_OBJC_BRIDGING_HEADER = "AFNetworkingClient/AFNetworkingClient-Bridging-Header.h";
				SWIFT_OPTIMIZATION_LEVEL = "-Onone";
			};
			name = Debug;
		};
		6681B76A1D2A190200B20676 /* Release */ = {
			isa = XCBuildConfiguration;
			baseConfigurationReference = 2692093DC4B93B29514AD9D3 /* Pods-AFNetworkingClient.release.xcconfig */;
			buildSettings = {
				ASSETCATALOG_COMPILER_APPICON_NAME = AppIcon;
				CLANG_ENABLE_MODULES = YES;
				INFOPLIST_FILE = AFNetworkingClient/Info.plist;
				LD_RUNPATH_SEARCH_PATHS = "$(inherited) @executable_path/Frameworks";
				PRODUCT_BUNDLE_IDENTIFIER = com.ealge.AFNetworkingClient;
				PRODUCT_NAME = "$(TARGET_NAME)";
				SWIFT_OBJC_BRIDGING_HEADER = "AFNetworkingClient/AFNetworkingClient-Bridging-Header.h";
			};
			name = Release;
		};
		6681B76C1D2A190200B20676 /* Debug */ = {
			isa = XCBuildConfiguration;
			baseConfigurationReference = 14E1321FB43D92B5D8E9A519 /* Pods-AFNetworkingClientTests.debug.xcconfig */;
			buildSettings = {
				BUNDLE_LOADER = "$(TEST_HOST)";
				INFOPLIST_FILE = AFNetworkingClientTests/Info.plist;
				LD_RUNPATH_SEARCH_PATHS = "$(inherited) @executable_path/Frameworks @loader_path/Frameworks";
				PRODUCT_BUNDLE_IDENTIFIER = com.ealge.AFNetworkingClientTests;
				PRODUCT_NAME = "$(TARGET_NAME)";
				TEST_HOST = "$(BUILT_PRODUCTS_DIR)/AFNetworkingClient.app/AFNetworkingClient";
			};
			name = Debug;
		};
		6681B76D1D2A190200B20676 /* Release */ = {
			isa = XCBuildConfiguration;
			baseConfigurationReference = 1910D17ABC9F00E3D7CA91BA /* Pods-AFNetworkingClientTests.release.xcconfig */;
			buildSettings = {
				BUNDLE_LOADER = "$(TEST_HOST)";
				INFOPLIST_FILE = AFNetworkingClientTests/Info.plist;
				LD_RUNPATH_SEARCH_PATHS = "$(inherited) @executable_path/Frameworks @loader_path/Frameworks";
				PRODUCT_BUNDLE_IDENTIFIER = com.ealge.AFNetworkingClientTests;
				PRODUCT_NAME = "$(TARGET_NAME)";
				TEST_HOST = "$(BUILT_PRODUCTS_DIR)/AFNetworkingClient.app/AFNetworkingClient";
			};
			name = Release;
		};
/* End XCBuildConfiguration section */

/* Begin XCConfigurationList section */
		6681B7461D2A190200B20676 /* Build configuration list for PBXProject "AFNetworkingClient" */ = {
			isa = XCConfigurationList;
			buildConfigurations = (
				6681B7661D2A190200B20676 /* Debug */,
				6681B7671D2A190200B20676 /* Release */,
			);
			defaultConfigurationIsVisible = 0;
			defaultConfigurationName = Release;
		};
		6681B7681D2A190200B20676 /* Build configuration list for PBXNativeTarget "AFNetworkingClient" */ = {
			isa = XCConfigurationList;
			buildConfigurations = (
				6681B7691D2A190200B20676 /* Debug */,
				6681B76A1D2A190200B20676 /* Release */,
			);
			defaultConfigurationIsVisible = 0;
			defaultConfigurationName = Release;
		};
		6681B76B1D2A190200B20676 /* Build configuration list for PBXNativeTarget "AFNetworkingClientTests" */ = {
			isa = XCConfigurationList;
			buildConfigurations = (
				6681B76C1D2A190200B20676 /* Debug */,
				6681B76D1D2A190200B20676 /* Release */,
			);
			defaultConfigurationIsVisible = 0;
			defaultConfigurationName = Release;
		};
/* End XCConfigurationList section */
	};
	rootObject = 6681B7431D2A190200B20676 /* Project object */;
}
